
Microsoft Visual Studio Solution File, Format Version 12.00
Project("{F2A71F9B-5D33-465A-A702-920D77279786}") = "NLP_DialogFlow", "NLP_DialogFlow\NLP_DialogFlow.fsproj", "{2CB5279A-AC69-4575-A630-9C94372ED649}"
EndProject
Global
	GlobalSection(SolutionConfigurationPlatforms) = preSolution
		Debug|Any CPU = Debug|Any CPU
		Release|Any CPU = Release|Any CPU
	EndGlobalSection
	GlobalSection(ProjectConfigurationPlatforms) = postSolution
		{2CB5279A-AC69-4575-A630-9C94372ED649}.Debug|Any CPU.ActiveCfg = Debug|Any CPU
		{2CB5279A-AC69-4575-A630-9C94372ED649}.Debug|Any CPU.Build.0 = Debug|Any CPU
		{2CB5279A-AC69-4575-A630-9C94372ED649}.Release|Any CPU.ActiveCfg = Release|Any CPU
		{2CB5279A-AC69-4575-A630-9C94372ED649}.Release|Any CPU.Build.0 = Release|Any CPU
	EndGlobalSection
EndGlobal
